{
  "name": "test-mydaybox",
  "version": "1.0.0",
  "lockfileVersion": 3,
  "requires": true,
  "packages": {
    "": {
      "name": "test-mydaybox",
      "version": "1.0.0",
      "license": "ISC",
      "dependencies": {
        "@misung-dev/mydaybox": "^1.0.0"
      }
    },
    "node_modules/@misung-dev/mydaybox": {
      "version": "1.0.0",
      "resolved": "https://registry.npmjs.org/@misung-dev/mydaybox/-/mydaybox-1.0.0.tgz",
      "integrity": "sha512-24kzoD4jnMNo9U+sHVDSmxUO9QokBIuAcUhCPWeDzq/51/7tfzpAaGa8+TIlYsRYibsmG6koKW69Fh1bSD66ZA==",
      "license": "MIT"
    }
  }
}
